
Microsoft Visual Studio Solution File, Format Version 12.00
Project("{2150E333-8FDC-42A3-9474-1A3956D46DE8}") = "Solution Items", "Solution Items", "{49D61D29-A87A-443D-A011-FAC62A14197F}"
	ProjectSection(SolutionItems) = preProject
		Dockerfile = Dockerfile
	EndProjectSection
EndProject
Project("{2150E333-8FDC-42A3-9474-1A3956D46DE8}") = "tests", "tests", "{076FF276-A2CB-4FC0-B3AC-92475D605FB4}"
EndProject
Project("{FAE04EC0-301F-11D3-BF4B-00C04F79EFBC}") = "Paqueteria.Aplicacion.Tests", "tests\Paqueteria.Aplicacion.Tests\Paqueteria.Aplicacion.Tests.csproj", "{808D7320-39FF-4E6B-87DA-54A5151068D2}"
EndProject
Project("{2150E333-8FDC-42A3-9474-1A3956D46DE8}") = "src", "src", "{C54A75D3-5159-4617-B824-A302ACD0D570}"
EndProject
Project("{2150E333-8FDC-42A3-9474-1A3956D46DE8}") = "Clientes", "Clientes", "{9F94EF50-9D46-219B-547D-60A68E7D4F04}"
EndProject
Project("{FAE04EC0-301F-11D3-BF4B-00C04F79EFBC}") = "Paqueteria.Cliente.Core", "src\Clientes\Paqueteria.Cliente.Core\Paqueteria.Cliente.Core.csproj", "{D2775680-98DB-4A8C-B76E-87E56AA17AD3}"
EndProject
Project("{FAE04EC0-301F-11D3-BF4B-00C04F79EFBC}") = "Paqueteria.UI", "src\Clientes\Paqueteria.UI\Paqueteria.UI.csproj", "{DF2ADEFF-641B-42F3-B41A-ADA9C5C21E9C}"
EndProject
Project("{FAE04EC0-301F-11D3-BF4B-00C04F79EFBC}") = "Paqueteria.WebAssembly", "src\Clientes\Paqueteria.WebAssembly\Paqueteria.WebAssembly.csproj", "{D37E319A-6820-4D0C-8542-26F5FD8E20B6}"
EndProject
Project("{FAE04EC0-301F-11D3-BF4B-00C04F79EFBC}") = "Paqueteria.Desktop", "src\Clientes\Paqueteria.Desktop\Paqueteria.Desktop.csproj", "{927374B5-FAA5-4C6B-8868-C565BE585D87}"
EndProject
Project("{FAE04EC0-301F-11D3-BF4B-00C04F79EFBC}") = "Paqueteria.Comun", "src\Paqueteria.Comun\Paqueteria.Comun.csproj", "{AABFD292-C8F6-41CF-8E50-B55921CC6B1F}"
EndProject
Project("{2150E333-8FDC-42A3-9474-1A3956D46DE8}") = "Backend", "Backend", "{A9E8EA02-439A-A7C9-D8B5-6C8AEBEF4425}"
EndProject
Project("{FAE04EC0-301F-11D3-BF4B-00C04F79EFBC}") = "Paqueteria.Api", "src\Backend\Paqueteria.Api\Paqueteria.Api.csproj", "{FFFEE872-1F41-40A8-90CD-DD048A56FF65}"
EndProject
Project("{FAE04EC0-301F-11D3-BF4B-00C04F79EFBC}") = "Paqueteria.Aplicacion", "src\Backend\Paqueteria.Aplicacion\Paqueteria.Aplicacion.csproj", "{5E9505EB-256C-4286-97F8-7DD748963F72}"
EndProject
Project("{FAE04EC0-301F-11D3-BF4B-00C04F79EFBC}") = "Paqueteria.Dominio", "src\Backend\Paqueteria.Dominio\Paqueteria.Dominio.csproj", "{AF3521A0-F9FF-415A-A76C-B3A20CF32DFA}"
EndProject
Project("{FAE04EC0-301F-11D3-BF4B-00C04F79EFBC}") = "Paqueteria.Infraestructura", "src\Backend\Paqueteria.Infraestructura\Paqueteria.Infraestructura.csproj", "{E067BBC8-9FC4-4CB6-95E9-8767AF57400A}"
EndProject
Global
	GlobalSection(SolutionConfigurationPlatforms) = preSolution
		Debug|Any CPU = Debug|Any CPU
		Debug|x64 = Debug|x64
		Debug|x86 = Debug|x86
		Release|Any CPU = Release|Any CPU
		Release|x64 = Release|x64
		Release|x86 = Release|x86
	EndGlobalSection
	GlobalSection(ProjectConfigurationPlatforms) = postSolution
		{808D7320-39FF-4E6B-87DA-54A5151068D2}.Debug|Any CPU.ActiveCfg = Debug|Any CPU
		{808D7320-39FF-4E6B-87DA-54A5151068D2}.Debug|Any CPU.Build.0 = Debug|Any CPU
		{808D7320-39FF-4E6B-87DA-54A5151068D2}.Debug|x64.ActiveCfg = Debug|Any CPU
		{808D7320-39FF-4E6B-87DA-54A5151068D2}.Debug|x64.Build.0 = Debug|Any CPU
		{808D7320-39FF-4E6B-87DA-54A5151068D2}.Debug|x86.ActiveCfg = Debug|Any CPU
		{808D7320-39FF-4E6B-87DA-54A5151068D2}.Debug|x86.Build.0 = Debug|Any CPU
		{808D7320-39FF-4E6B-87DA-54A5151068D2}.Release|Any CPU.ActiveCfg = Release|Any CPU
		{808D7320-39FF-4E6B-87DA-54A5151068D2}.Release|Any CPU.Build.0 = Release|Any CPU
		{808D7320-39FF-4E6B-87DA-54A5151068D2}.Release|x64.ActiveCfg = Release|Any CPU
		{808D7320-39FF-4E6B-87DA-54A5151068D2}.Release|x64.Build.0 = Release|Any CPU
		{808D7320-39FF-4E6B-87DA-54A5151068D2}.Release|x86.ActiveCfg = Release|Any CPU
		{808D7320-39FF-4E6B-87DA-54A5151068D2}.Release|x86.Build.0 = Release|Any CPU
		{D2775680-98DB-4A8C-B76E-87E56AA17AD3}.Debug|Any CPU.ActiveCfg = Debug|Any CPU
		{D2775680-98DB-4A8C-B76E-87E56AA17AD3}.Debug|Any CPU.Build.0 = Debug|Any CPU
		{D2775680-98DB-4A8C-B76E-87E56AA17AD3}.Debug|x64.ActiveCfg = Debug|Any CPU
		{D2775680-98DB-4A8C-B76E-87E56AA17AD3}.Debug|x64.Build.0 = Debug|Any CPU
		{D2775680-98DB-4A8C-B76E-87E56AA17AD3}.Debug|x86.ActiveCfg = Debug|Any CPU
		{D2775680-98DB-4A8C-B76E-87E56AA17AD3}.Debug|x86.Build.0 = Debug|Any CPU
		{D2775680-98DB-4A8C-B76E-87E56AA17AD3}.Release|Any CPU.ActiveCfg = Release|Any CPU
		{D2775680-98DB-4A8C-B76E-87E56AA17AD3}.Release|Any CPU.Build.0 = Release|Any CPU
		{D2775680-98DB-4A8C-B76E-87E56AA17AD3}.Release|x64.ActiveCfg = Release|Any CPU
		{D2775680-98DB-4A8C-B76E-87E56AA17AD3}.Release|x64.Build.0 = Release|Any CPU
		{D2775680-98DB-4A8C-B76E-87E56AA17AD3}.Release|x86.ActiveCfg = Release|Any CPU
		{D2775680-98DB-4A8C-B76E-87E56AA17AD3}.Release|x86.Build.0 = Release|Any CPU
		{DF2ADEFF-641B-42F3-B41A-ADA9C5C21E9C}.Debug|Any CPU.ActiveCfg = Debug|Any CPU
		{DF2ADEFF-641B-42F3-B41A-ADA9C5C21E9C}.Debug|Any CPU.Build.0 = Debug|Any CPU
		{DF2ADEFF-641B-42F3-B41A-ADA9C5C21E9C}.Debug|x64.ActiveCfg = Debug|Any CPU
		{DF2ADEFF-641B-42F3-B41A-ADA9C5C21E9C}.Debug|x64.Build.0 = Debug|Any CPU
		{DF2ADEFF-641B-42F3-B41A-ADA9C5C21E9C}.Debug|x86.ActiveCfg = Debug|Any CPU
		{DF2ADEFF-641B-42F3-B41A-ADA9C5C21E9C}.Debug|x86.Build.0 = Debug|Any CPU
		{DF2ADEFF-641B-42F3-B41A-ADA9C5C21E9C}.Release|Any CPU.ActiveCfg = Release|Any CPU
		{DF2ADEFF-641B-42F3-B41A-ADA9C5C21E9C}.Release|Any CPU.Build.0 = Release|Any CPU
		{DF2ADEFF-641B-42F3-B41A-ADA9C5C21E9C}.Release|x64.ActiveCfg = Release|Any CPU
		{DF2ADEFF-641B-42F3-B41A-ADA9C5C21E9C}.Release|x64.Build.0 = Release|Any CPU
		{DF2ADEFF-641B-42F3-B41A-ADA9C5C21E9C}.Release|x86.ActiveCfg = Release|Any CPU
		{DF2ADEFF-641B-42F3-B41A-ADA9C5C21E9C}.Release|x86.Build.0 = Release|Any CPU
		{D37E319A-6820-4D0C-8542-26F5FD8E20B6}.Debug|Any CPU.ActiveCfg = Debug|Any CPU
		{D37E319A-6820-4D0C-8542-26F5FD8E20B6}.Debug|Any CPU.Build.0 = Debug|Any CPU
		{D37E319A-6820-4D0C-8542-26F5FD8E20B6}.Debug|x64.ActiveCfg = Debug|Any CPU
		{D37E319A-6820-4D0C-8542-26F5FD8E20B6}.Debug|x64.Build.0 = Debug|Any CPU
		{D37E319A-6820-4D0C-8542-26F5FD8E20B6}.Debug|x86.ActiveCfg = Debug|Any CPU
		{D37E319A-6820-4D0C-8542-26F5FD8E20B6}.Debug|x86.Build.0 = Debug|Any CPU
		{D37E319A-6820-4D0C-8542-26F5FD8E20B6}.Release|Any CPU.ActiveCfg = Release|Any CPU
		{D37E319A-6820-4D0C-8542-26F5FD8E20B6}.Release|Any CPU.Build.0 = Release|Any CPU
		{D37E319A-6820-4D0C-8542-26F5FD8E20B6}.Release|x64.ActiveCfg = Release|Any CPU
		{D37E319A-6820-4D0C-8542-26F5FD8E20B6}.Release|x64.Build.0 = Release|Any CPU
		{D37E319A-6820-4D0C-8542-26F5FD8E20B6}.Release|x86.ActiveCfg = Release|Any CPU
		{D37E319A-6820-4D0C-8542-26F5FD8E20B6}.Release|x86.Build.0 = Release|Any CPU
		{927374B5-FAA5-4C6B-8868-C565BE585D87}.Debug|Any CPU.ActiveCfg = Debug|Any CPU
		{927374B5-FAA5-4C6B-8868-C565BE585D87}.Debug|Any CPU.Build.0 = Debug|Any CPU
		{927374B5-FAA5-4C6B-8868-C565BE585D87}.Debug|x64.ActiveCfg = Debug|Any CPU
		{927374B5-FAA5-4C6B-8868-C565BE585D87}.Debug|x64.Build.0 = Debug|Any CPU
		{927374B5-FAA5-4C6B-8868-C565BE585D87}.Debug|x86.ActiveCfg = Debug|Any CPU
		{927374B5-FAA5-4C6B-8868-C565BE585D87}.Debug|x86.Build.0 = Debug|Any CPU
		{927374B5-FAA5-4C6B-8868-C565BE585D87}.Release|Any CPU.ActiveCfg = Release|Any CPU
		{927374B5-FAA5-4C6B-8868-C565BE585D87}.Release|Any CPU.Build.0 = Release|Any CPU
		{927374B5-FAA5-4C6B-8868-C565BE585D87}.Release|x64.ActiveCfg = Release|Any CPU
		{927374B5-FAA5-4C6B-8868-C565BE585D87}.Release|x64.Build.0 = Release|Any CPU
		{927374B5-FAA5-4C6B-8868-C565BE585D87}.Release|x86.ActiveCfg = Release|Any CPU
		{927374B5-FAA5-4C6B-8868-C565BE585D87}.Release|x86.Build.0 = Release|Any CPU
		{AABFD292-C8F6-41CF-8E50-B55921CC6B1F}.Debug|Any CPU.ActiveCfg = Debug|Any CPU
		{AABFD292-C8F6-41CF-8E50-B55921CC6B1F}.Debug|Any CPU.Build.0 = Debug|Any CPU
		{AABFD292-C8F6-41CF-8E50-B55921CC6B1F}.Debug|x64.ActiveCfg = Debug|Any CPU
		{AABFD292-C8F6-41CF-8E50-B55921CC6B1F}.Debug|x64.Build.0 = Debug|Any CPU
		{AABFD292-C8F6-41CF-8E50-B55921CC6B1F}.Debug|x86.ActiveCfg = Debug|Any CPU
		{AABFD292-C8F6-41CF-8E50-B55921CC6B1F}.Debug|x86.Build.0 = Debug|Any CPU
		{AABFD292-C8F6-41CF-8E50-B55921CC6B1F}.Release|Any CPU.ActiveCfg = Release|Any CPU
		{AABFD292-C8F6-41CF-8E50-B55921CC6B1F}.Release|Any CPU.Build.0 = Release|Any CPU
		{AABFD292-C8F6-41CF-8E50-B55921CC6B1F}.Release|x64.ActiveCfg = Release|Any CPU
		{AABFD292-C8F6-41CF-8E50-B55921CC6B1F}.Release|x64.Build.0 = Release|Any CPU
		{AABFD292-C8F6-41CF-8E50-B55921CC6B1F}.Release|x86.ActiveCfg = Release|Any CPU
		{AABFD292-C8F6-41CF-8E50-B55921CC6B1F}.Release|x86.Build.0 = Release|Any CPU
		{FFFEE872-1F41-40A8-90CD-DD048A56FF65}.Debug|Any CPU.ActiveCfg = Debug|Any CPU
		{FFFEE872-1F41-40A8-90CD-DD048A56FF65}.Debug|Any CPU.Build.0 = Debug|Any CPU
		{FFFEE872-1F41-40A8-90CD-DD048A56FF65}.Debug|x64.ActiveCfg = Debug|Any CPU
		{FFFEE872-1F41-40A8-90CD-DD048A56FF65}.Debug|x64.Build.0 = Debug|Any CPU
		{FFFEE872-1F41-40A8-90CD-DD048A56FF65}.Debug|x86.ActiveCfg = Debug|Any CPU
		{FFFEE872-1F41-40A8-90CD-DD048A56FF65}.Debug|x86.Build.0 = Debug|Any CPU
		{FFFEE872-1F41-40A8-90CD-DD048A56FF65}.Release|Any CPU.ActiveCfg = Release|Any CPU
		{FFFEE872-1F41-40A8-90CD-DD048A56FF65}.Release|Any CPU.Build.0 = Release|Any CPU
		{FFFEE872-1F41-40A8-90CD-DD048A56FF65}.Release|x64.ActiveCfg = Release|Any CPU
		{FFFEE872-1F41-40A8-90CD-DD048A56FF65}.Release|x64.Build.0 = Release|Any CPU
		{FFFEE872-1F41-40A8-90CD-DD048A56FF65}.Release|x86.ActiveCfg = Release|Any CPU
		{FFFEE872-1F41-40A8-90CD-DD048A56FF65}.Release|x86.Build.0 = Release|Any CPU
		{5E9505EB-256C-4286-97F8-7DD748963F72}.Debug|Any CPU.ActiveCfg = Debug|Any CPU
		{5E9505EB-256C-4286-97F8-7DD748963F72}.Debug|Any CPU.Build.0 = Debug|Any CPU
		{5E9505EB-256C-4286-97F8-7DD748963F72}.Debug|x64.ActiveCfg = Debug|Any CPU
		{5E9505EB-256C-4286-97F8-7DD748963F72}.Debug|x64.Build.0 = Debug|Any CPU
		{5E9505EB-256C-4286-97F8-7DD748963F72}.Debug|x86.ActiveCfg = Debug|Any CPU
		{5E9505EB-256C-4286-97F8-7DD748963F72}.Debug|x86.Build.0 = Debug|Any CPU
		{5E9505EB-256C-4286-97F8-7DD748963F72}.Release|Any CPU.ActiveCfg = Release|Any CPU
		{5E9505EB-256C-4286-97F8-7DD748963F72}.Release|Any CPU.Build.0 = Release|Any CPU
		{5E9505EB-256C-4286-97F8-7DD748963F72}.Release|x64.ActiveCfg = Release|Any CPU
		{5E9505EB-256C-4286-97F8-7DD748963F72}.Release|x64.Build.0 = Release|Any CPU
		{5E9505EB-256C-4286-97F8-7DD748963F72}.Release|x86.ActiveCfg = Release|Any CPU
		{5E9505EB-256C-4286-97F8-7DD748963F72}.Release|x86.Build.0 = Release|Any CPU
		{AF3521A0-F9FF-415A-A76C-B3A20CF32DFA}.Debug|Any CPU.ActiveCfg = Debug|Any CPU
		{AF3521A0-F9FF-415A-A76C-B3A20CF32DFA}.Debug|Any CPU.Build.0 = Debug|Any CPU
		{AF3521A0-F9FF-415A-A76C-B3A20CF32DFA}.Debug|x64.ActiveCfg = Debug|Any CPU
		{AF3521A0-F9FF-415A-A76C-B3A20CF32DFA}.Debug|x64.Build.0 = Debug|Any CPU
		{AF3521A0-F9FF-415A-A76C-B3A20CF32DFA}.Debug|x86.ActiveCfg = Debug|Any CPU
		{AF3521A0-F9FF-415A-A76C-B3A20CF32DFA}.Debug|x86.Build.0 = Debug|Any CPU
		{AF3521A0-F9FF-415A-A76C-B3A20CF32DFA}.Release|Any CPU.ActiveCfg = Release|Any CPU
		{AF3521A0-F9FF-415A-A76C-B3A20CF32DFA}.Release|Any CPU.Build.0 = Release|Any CPU
		{AF3521A0-F9FF-415A-A76C-B3A20CF32DFA}.Release|x64.ActiveCfg = Release|Any CPU
		{AF3521A0-F9FF-415A-A76C-B3A20CF32DFA}.Release|x64.Build.0 = Release|Any CPU
		{AF3521A0-F9FF-415A-A76C-B3A20CF32DFA}.Release|x86.ActiveCfg = Release|Any CPU
		{AF3521A0-F9FF-415A-A76C-B3A20CF32DFA}.Release|x86.Build.0 = Release|Any CPU
		{E067BBC8-9FC4-4CB6-95E9-8767AF57400A}.Debug|Any CPU.ActiveCfg = Debug|Any CPU
		{E067BBC8-9FC4-4CB6-95E9-8767AF57400A}.Debug|Any CPU.Build.0 = Debug|Any CPU
		{E067BBC8-9FC4-4CB6-95E9-8767AF57400A}.Debug|x64.ActiveCfg = Debug|Any CPU
		{E067BBC8-9FC4-4CB6-95E9-8767AF57400A}.Debug|x64.Build.0 = Debug|Any CPU
		{E067BBC8-9FC4-4CB6-95E9-8767AF57400A}.Debug|x86.ActiveCfg = Debug|Any CPU
		{E067BBC8-9FC4-4CB6-95E9-8767AF57400A}.Debug|x86.Build.0 = Debug|Any CPU
		{E067BBC8-9FC4-4CB6-95E9-8767AF57400A}.Release|Any CPU.ActiveCfg = Release|Any CPU
		{E067BBC8-9FC4-4CB6-95E9-8767AF57400A}.Release|Any CPU.Build.0 = Release|Any CPU
		{E067BBC8-9FC4-4CB6-95E9-8767AF57400A}.Release|x64.ActiveCfg = Release|Any CPU
		{E067BBC8-9FC4-4CB6-95E9-8767AF57400A}.Release|x64.Build.0 = Release|Any CPU
		{E067BBC8-9FC4-4CB6-95E9-8767AF57400A}.Release|x86.ActiveCfg = Release|Any CPU
		{E067BBC8-9FC4-4CB6-95E9-8767AF57400A}.Release|x86.Build.0 = Release|Any CPU
	EndGlobalSection
	GlobalSection(SolutionProperties) = preSolution
		HideSolutionNode = FALSE
	EndGlobalSection
	GlobalSection(NestedProjects) = preSolution
		{808D7320-39FF-4E6B-87DA-54A5151068D2} = {076FF276-A2CB-4FC0-B3AC-92475D605FB4}
		{9F94EF50-9D46-219B-547D-60A68E7D4F04} = {C54A75D3-5159-4617-B824-A302ACD0D570}
		{D2775680-98DB-4A8C-B76E-87E56AA17AD3} = {9F94EF50-9D46-219B-547D-60A68E7D4F04}
		{DF2ADEFF-641B-42F3-B41A-ADA9C5C21E9C} = {9F94EF50-9D46-219B-547D-60A68E7D4F04}
		{D37E319A-6820-4D0C-8542-26F5FD8E20B6} = {9F94EF50-9D46-219B-547D-60A68E7D4F04}
		{927374B5-FAA5-4C6B-8868-C565BE585D87} = {9F94EF50-9D46-219B-547D-60A68E7D4F04}
		{AABFD292-C8F6-41CF-8E50-B55921CC6B1F} = {C54A75D3-5159-4617-B824-A302ACD0D570}
		{A9E8EA02-439A-A7C9-D8B5-6C8AEBEF4425} = {C54A75D3-5159-4617-B824-A302ACD0D570}
		{FFFEE872-1F41-40A8-90CD-DD048A56FF65} = {A9E8EA02-439A-A7C9-D8B5-6C8AEBEF4425}
		{5E9505EB-256C-4286-97F8-7DD748963F72} = {A9E8EA02-439A-A7C9-D8B5-6C8AEBEF4425}
		{AF3521A0-F9FF-415A-A76C-B3A20CF32DFA} = {A9E8EA02-439A-A7C9-D8B5-6C8AEBEF4425}
		{E067BBC8-9FC4-4CB6-95E9-8767AF57400A} = {A9E8EA02-439A-A7C9-D8B5-6C8AEBEF4425}
	EndGlobalSection
EndGlobal
